// !$*UTF8*$!
{
	archiveVersion = 1;
	classes = {
	};
	objectVersion = 46;
	objects = {

/* Begin PBXBuildFile section */
		EA907A401C7E6A7B004B28DD /* AppDelegate.swift in Sources */ = {isa = PBXBuildFile; fileRef = EA907A3F1C7E6A7B004B28DD /* AppDelegate.swift */; };
		EA907A421C7E6A7B004B28DD /* ViewController.swift in Sources */ = {isa = PBXBuildFile; fileRef = EA907A411C7E6A7B004B28DD /* ViewController.swift */; };
		EA907A451C7E6A7B004B28DD /* Main.storyboard in Resources */ = {isa = PBXBuildFile; fileRef = EA907A431C7E6A7B004B28DD /* Main.storyboard */; };
		EA907A481C7E6A7B004B28DD /* VuelveteCachimboiOS.xcdatamodeld in Sources */ = {isa = PBXBuildFile; fileRef = EA907A461C7E6A7B004B28DD /* VuelveteCachimboiOS.xcdatamodeld */; };
		EA907A4A1C7E6A7B004B28DD /* Assets.xcassets in Resources */ = {isa = PBXBuildFile; fileRef = EA907A491C7E6A7B004B28DD /* Assets.xcassets */; };
		EA907A4D1C7E6A7B004B28DD /* LaunchScreen.storyboard in Resources */ = {isa = PBXBuildFile; fileRef = EA907A4B1C7E6A7B004B28DD /* LaunchScreen.storyboard */; };
		EA907A581C7E6A7B004B28DD /* VuelveteCachimboiOSTests.swift in Sources */ = {isa = PBXBuildFile; fileRef = EA907A571C7E6A7B004B28DD /* VuelveteCachimboiOSTests.swift */; };
		EA907A631C7E6A7B004B28DD /* VuelveteCachimboiOSUITests.swift in Sources */ = {isa = PBXBuildFile; fileRef = EA907A621C7E6A7B004B28DD /* VuelveteCachimboiOSUITests.swift */; };
/* End PBXBuildFile section */

/* Begin PBXContainerItemProxy section */
		EA907A541C7E6A7B004B28DD /* PBXContainerItemProxy */ = {
			isa = PBXContainerItemProxy;
			containerPortal = EA907A341C7E6A7A004B28DD /* Project object */;
			proxyType = 1;
			remoteGlobalIDString = EA907A3B1C7E6A7B004B28DD;
			remoteInfo = VuelveteCachimboiOS;
		};
		EA907A5F1C7E6A7B004B28DD /* PBXContainerItemProxy */ = {
			isa = PBXContainerItemProxy;
			containerPortal = EA907A341C7E6A7A004B28DD /* Project object */;
			proxyType = 1;
			remoteGlobalIDString = EA907A3B1C7E6A7B004B28DD;
			remoteInfo = VuelveteCachimboiOS;
		};
/* End PBXContainerItemProxy section */

/* Begin PBXFileReference section */
		EA907A3C1C7E6A7B004B28DD /* VuelveteCachimboiOS.app */ = {isa = PBXFileReference; explicitFileType = wrapper.application; includeInIndex = 0; path = VuelveteCachimboiOS.app; sourceTree = BUILT_PRODUCTS_DIR; };
		EA907A3F1C7E6A7B004B28DD /* AppDelegate.swift */ = {isa = PBXFileReference; lastKnownFileType = sourcecode.swift; path = AppDelegate.swift; sourceTree = "<group>"; };
		EA907A411C7E6A7B004B28DD /* ViewController.swift */ = {isa = PBXFileReference; lastKnownFileType = sourcecode.swift; path = ViewController.swift; sourceTree = "<group>"; };
		EA907A441C7E6A7B004B28DD /* Base */ = {isa = PBXFileReference; lastKnownFileType = file.storyboard; name = Base; path = Base.lproj/Main.storyboard; sourceTree = "<group>"; };
		EA907A471C7E6A7B004B28DD /* VuelveteCachimboiOS.xcdatamodel */ = {isa = PBXFileReference; lastKnownFileType = wrapper.xcdatamodel; path = VuelveteCachimboiOS.xcdatamodel; sourceTree = "<group>"; };
		EA907A491C7E6A7B004B28DD /* Assets.xcassets */ = {isa = PBXFileReference; lastKnownFileType = folder.assetcatalog; path = Assets.xcassets; sourceTree = "<group>"; };
		EA907A4C1C7E6A7B004B28DD /* Base */ = {isa = PBXFileReference; lastKnownFileType = file.storyboard; name = Base; path = Base.lproj/LaunchScreen.storyboard; sourceTree = "<group>"; };
		EA907A4E1C7E6A7B004B28DD /* Info.plist */ = {isa = PBXFileReference; lastKnownFileType = text.plist.xml; path = Info.plist; sourceTree = "<group>"; };
		EA907A531C7E6A7B004B28DD /* VuelveteCachimboiOSTests.xctest */ = {isa = PBXFileReference; explicitFileType = wrapper.cfbundle; includeInIndex = 0; path = VuelveteCachimboiOSTests.xctest; sourceTree = BUILT_PRODUCTS_DIR; };
		EA907A571C7E6A7B004B28DD /* VuelveteCachimboiOSTests.swift */ = {isa = PBXFileReference; lastKnownFileType = sourcecode.swift; path = VuelveteCachimboiOSTests.swift; sourceTree = "<group>"; };
		EA907A591C7E6A7B004B28DD /* Info.plist */ = {isa = PBXFileReference; lastKnownFileType = text.plist.xml; path = Info.plist; sourceTree = "<group>"; };
		EA907A5E1C7E6A7B004B28DD /* VuelveteCachimboiOSUITests.xctest */ = {isa = PBXFileReference; explicitFileType = wrapper.cfbundle; includeInIndex = 0; path = VuelveteCachimboiOSUITests.xctest; sourceTree = BUILT_PRODUCTS_DIR; };
		EA907A621C7E6A7B004B28DD /* VuelveteCachimboiOSUITests.swift */ = {isa = PBXFileReference; lastKnownFileType = sourcecode.swift; path = VuelveteCachimboiOSUITests.swift; sourceTree = "<group>"; };
		EA907A641C7E6A7B004B28DD /* Info.plist */ = {isa = PBXFileReference; lastKnownFileType = text.plist.xml; path = Info.plist; sourceTree = "<group>"; };
/* End PBXFileReference section */

/* Begin PBXFrameworksBuildPhase section */
		EA907A391C7E6A7B004B28DD /* Frameworks */ = {
			isa = PBXFrameworksBuildPhase;
			buildActionMask = 2147483647;
			files = (
			);
			runOnlyForDeploymentPostprocessing = 0;
		};
		EA907A501C7E6A7B004B28DD /* Frameworks */ = {
			isa = PBXFrameworksBuildPhase;
			buildActionMask = 2147483647;
			files = (
			);
			runOnlyForDeploymentPostprocessing = 0;
		};
		EA907A5B1C7E6A7B004B28DD /* Frameworks */ = {
			isa = PBXFrameworksBuildPhase;
			buildActionMask = 2147483647;
			files = (
			);
			runOnlyForDeploymentPostprocessing = 0;
		};
/* End PBXFrameworksBuildPhase section */

/* Begin PBXGroup section */
		EA907A331C7E6A7A004B28DD = {
			isa = PBXGroup;
			children = (
				EA907A3E1C7E6A7B004B28DD /* VuelveteCachimboiOS */,
				EA907A561C7E6A7B004B28DD /* VuelveteCachimboiOSTests */,
				EA907A611C7E6A7B004B28DD /* VuelveteCachimboiOSUITests */,
				EA907A3D1C7E6A7B004B28DD /* Products */,
			);
			sourceTree = "<group>";
		};
		EA907A3D1C7E6A7B004B28DD /* Products */ = {
			isa = PBXGroup;
			children = (
				EA907A3C1C7E6A7B004B28DD /* VuelveteCachimboiOS.app */,
				EA907A531C7E6A7B004B28DD /* VuelveteCachimboiOSTests.xctest */,
				EA907A5E1C7E6A7B004B28DD /* VuelveteCachimboiOSUITests.xctest */,
			);
			name = Products;
			sourceTree = "<group>";
		};
		EA907A3E1C7E6A7B004B28DD /* VuelveteCachimboiOS */ = {
			isa = PBXGroup;
			children = (
				EA907A3F1C7E6A7B004B28DD /* AppDelegate.swift */,
				EA907A411C7E6A7B004B28DD /* ViewController.swift */,
				EA907A431C7E6A7B004B28DD /* Main.storyboard */,
				EA907A491C7E6A7B004B28DD /* Assets.xcassets */,
				EA907A4B1C7E6A7B004B28DD /* LaunchScreen.storyboard */,
				EA907A4E1C7E6A7B004B28DD /* Info.plist */,
				EA907A461C7E6A7B004B28DD /* VuelveteCachimboiOS.xcdatamodeld */,
			);
			path = VuelveteCachimboiOS;
			sourceTree = "<group>";
		};
		EA907A561C7E6A7B004B28DD /* VuelveteCachimboiOSTests */ = {
			isa = PBXGroup;
			children = (
				EA907A571C7E6A7B004B28DD /* VuelveteCachimboiOSTests.swift */,
				EA907A591C7E6A7B004B28DD /* Info.plist */,
			);
			path = VuelveteCachimboiOSTests;
			sourceTree = "<group>";
		};
		EA907A611C7E6A7B004B28DD /* VuelveteCachimboiOSUITests */ = {
			isa = PBXGroup;
			children = (
				EA907A621C7E6A7B004B28DD /* VuelveteCachimboiOSUITests.swift */,
				EA907A641C7E6A7B004B28DD /* Info.plist */,
			);
			path = VuelveteCachimboiOSUITests;
			sourceTree = "<group>";
		};
/* End PBXGroup section */

/* Begin PBXNativeTarget section */
		EA907A3B1C7E6A7B004B28DD /* VuelveteCachimboiOS */ = {
			isa = PBXNativeTarget;
			buildConfigurationList = EA907A671C7E6A7B004B28DD /* Build configuration list for PBXNativeTarget "VuelveteCachimboiOS" */;
			buildPhases = (
				EA907A381C7E6A7B004B28DD /* Sources */,
				EA907A391C7E6A7B004B28DD /* Frameworks */,
				EA907A3A1C7E6A7B004B28DD /* Resources */,
			);
			buildRules = (
			);
			dependencies = (
			);
			name = VuelveteCachimboiOS;
			productName = VuelveteCachimboiOS;
			productReference = EA907A3C1C7E6A7B004B28DD /* VuelveteCachimboiOS.app */;
			productType = "com.apple.product-type.application";
		};
		EA907A521C7E6A7B004B28DD /* VuelveteCachimboiOSTests */ = {
			isa = PBXNativeTarget;
			buildConfigurationList = EA907A6A1C7E6A7B004B28DD /* Build configuration list for PBXNativeTarget "VuelveteCachimboiOSTests" */;
			buildPhases = (
				EA907A4F1C7E6A7B004B28DD /* Sources */,
				EA907A501C7E6A7B004B28DD /* Frameworks */,
				EA907A511C7E6A7B004B28DD /* Resources */,
			);
			buildRules = (
			);
			dependencies = (
				EA907A551C7E6A7B004B28DD /* PBXTargetDependency */,
			);
			name = VuelveteCachimboiOSTests;
			productName = VuelveteCachimboiOSTests;
			productReference = EA907A531C7E6A7B004B28DD /* VuelveteCachimboiOSTests.xctest */;
			productType = "com.apple.product-type.bundle.unit-test";
		};
		EA907A5D1C7E6A7B004B28DD /* VuelveteCachimboiOSUITests */ = {
			isa = PBXNativeTarget;
			buildConfigurationList = EA907A6D1C7E6A7B004B28DD /* Build configuration list for PBXNativeTarget "VuelveteCachimboiOSUITests" */;
			buildPhases = (
				EA907A5A1C7E6A7B004B28DD /* Sources */,
				EA907A5B1C7E6A7B004B28DD /* Frameworks */,
				EA907A5C1C7E6A7B004B28DD /* Resources */,
			);
			buildRules = (
			);
			dependencies = (
				EA907A601C7E6A7B004B28DD /* PBXTargetDependency */,
			);
			name = VuelveteCachimboiOSUITests;
			productName = VuelveteCachimboiOSUITests;
			productReference = EA907A5E1C7E6A7B004B28DD /* VuelveteCachimboiOSUITests.xctest */;
			productType = "com.apple.product-type.bundle.ui-testing";
		};
/* End PBXNativeTarget section */

/* Begin PBXProject section */
		EA907A341C7E6A7A004B28DD /* Project object */ = {
			isa = PBXProject;
			attributes = {
				LastSwiftUpdateCheck = 0720;
				LastUpgradeCheck = 0720;
				ORGANIZATIONNAME = doapps;
				TargetAttributes = {
					EA907A3B1C7E6A7B004B28DD = {
						CreatedOnToolsVersion = 7.2;
						DevelopmentTeam = 54ASVN33N4;
					};
					EA907A521C7E6A7B004B28DD = {
						CreatedOnToolsVersion = 7.2;
						DevelopmentTeam = 54ASVN33N4;
						TestTargetID = EA907A3B1C7E6A7B004B28DD;
					};
					EA907A5D1C7E6A7B004B28DD = {
						CreatedOnToolsVersion = 7.2;
						DevelopmentTeam = 54ASVN33N4;
						TestTargetID = EA907A3B1C7E6A7B004B28DD;
					};
				};
			};
			buildConfigurationList = EA907A371C7E6A7B004B28DD /* Build configuration list for PBXProject "VuelveteCachimboiOS" */;
			compatibilityVersion = "Xcode 3.2";
			developmentRegion = English;
			hasScannedForEncodings = 0;
			knownRegions = (
				en,
				Base,
			);
			mainGroup = EA907A331C7E6A7A004B28DD;
			productRefGroup = EA907A3D1C7E6A7B004B28DD /* Products */;
			projectDirPath = "";
			projectRoot = "";
			targets = (
				EA907A3B1C7E6A7B004B28DD /* VuelveteCachimboiOS */,
				EA907A521C7E6A7B004B28DD /* VuelveteCachimboiOSTests */,
				EA907A5D1C7E6A7B004B28DD /* VuelveteCachimboiOSUITests */,
			);
		};
/* End PBXProject section */

/* Begin PBXResourcesBuildPhase section */
		EA907A3A1C7E6A7B004B28DD /* Resources */ = {
			isa = PBXResourcesBuildPhase;
			buildActionMask = 2147483647;
			files = (
				EA907A4D1C7E6A7B004B28DD /* LaunchScreen.storyboard in Resources */,
				EA907A4A1C7E6A7B004B28DD /* Assets.xcassets in Resources */,
				EA907A451C7E6A7B004B28DD /* Main.storyboard in Resources */,
			);
			runOnlyForDeploymentPostprocessing = 0;
		};
		EA907A511C7E6A7B004B28DD /* Resources */ = {
			isa = PBXResourcesBuildPhase;
			buildActionMask = 2147483647;
			files = (
			);
			runOnlyForDeploymentPostprocessing = 0;
		};
		EA907A5C1C7E6A7B004B28DD /* Resources */ = {
			isa = PBXResourcesBuildPhase;
			buildActionMask = 2147483647;
			files = (
			);
			runOnlyForDeploymentPostprocessing = 0;
		};
/* End PBXResourcesBuildPhase section */

/* Begin PBXSourcesBuildPhase section */
		EA907A381C7E6A7B004B28DD /* Sources */ = {
			isa = PBXSourcesBuildPhase;
			buildActionMask = 2147483647;
			files = (
				EA907A481C7E6A7B004B28DD /* VuelveteCachimboiOS.xcdatamodeld in Sources */,
				EA907A421C7E6A7B004B28DD /* ViewController.swift in Sources */,
				EA907A401C7E6A7B004B28DD /* AppDelegate.swift in Sources */,
			);
			runOnlyForDeploymentPostprocessing = 0;
		};
		EA907A4F1C7E6A7B004B28DD /* Sources */ = {
			isa = PBXSourcesBuildPhase;
			buildActionMask = 2147483647;
			files = (
				EA907A581C7E6A7B004B28DD /* VuelveteCachimboiOSTests.swift in Sources */,
			);
			runOnlyForDeploymentPostprocessing = 0;
		};
		EA907A5A1C7E6A7B004B28DD /* Sources */ = {
			isa = PBXSourcesBuildPhase;
			buildActionMask = 2147483647;
			files = (
				EA907A631C7E6A7B004B28DD /* VuelveteCachimboiOSUITests.swift in Sources */,
			);
			runOnlyForDeploymentPostprocessing = 0;
		};
/* End PBXSourcesBuildPhase section */

/* Begin PBXTargetDependency section */
		EA907A551C7E6A7B004B28DD /* PBXTargetDependency */ = {
			isa = PBXTargetDependency;
			target = EA907A3B1C7E6A7B004B28DD /* VuelveteCachimboiOS */;
			targetProxy = EA907A541C7E6A7B004B28DD /* PBXContainerItemProxy */;
		};
		EA907A601C7E6A7B004B28DD /* PBXTargetDependency */ = {
			isa = PBXTargetDependency;
			target = EA907A3B1C7E6A7B004B28DD /* VuelveteCachimboiOS */;
			targetProxy = EA907A5F1C7E6A7B004B28DD /* PBXContainerItemProxy */;
		};
/* End PBXTargetDependency section */

/* Begin PBXVariantGroup section */
		EA907A431C7E6A7B004B28DD /* Main.storyboard */ = {
			isa = PBXVariantGroup;
			children = (
				EA907A441C7E6A7B004B28DD /* Base */,
			);
			name = Main.storyboard;
			sourceTree = "<group>";
		};
		EA907A4B1C7E6A7B004B28DD /* LaunchScreen.storyboard */ = {
			isa = PBXVariantGroup;
			children = (
				EA907A4C1C7E6A7B004B28DD /* Base */,
			);
			name = LaunchScreen.storyboard;
			sourceTree = "<group>";
		};
/* End PBXVariantGroup section */

/* Begin XCBuildConfiguration section */
		EA907A651C7E6A7B004B28DD /* Debug */ = {
			isa = XCBuildConfiguration;
			buildSettings = {
				ALWAYS_SEARCH_USER_PATHS = NO;
				CLANG_CXX_LANGUAGE_STANDARD = "gnu++0x";
				CLANG_CXX_LIBRARY = "libc++";
				CLANG_ENABLE_MODULES = YES;
				CLANG_ENABLE_OBJC_ARC = YES;
				CLANG_WARN_BOOL_CONVERSION = YES;
				CLANG_WARN_CONSTANT_CONVERSION = YES;
				CLANG_WARN_DIRECT_OBJC_ISA_USAGE = YES_ERROR;
				CLANG_WARN_EMPTY_BODY = YES;
				CLANG_WARN_ENUM_CONVERSION = YES;
				CLANG_WARN_INT_CONVERSION = YES;
				CLANG_WARN_OBJC_ROOT_CLASS = YES_ERROR;
				CLANG_WARN_UNREACHABLE_CODE = YES;
				CLANG_WARN__DUPLICATE_METHOD_MATCH = YES;
				"CODE_SIGN_IDENTITY[sdk=iphoneos*]" = "iPhone Developer";
				COPY_PHASE_STRIP = NO;
				DEBUG_INFORMATION_FORMAT = dwarf;
				ENABLE_STRICT_OBJC_MSGSEND = YES;
				ENABLE_TESTABILITY = YES;
				GCC_C_LANGUAGE_STANDARD = gnu99;
				GCC_DYNAMIC_NO_PIC = NO;
				GCC_NO_COMMON_BLOCKS = YES;
				GCC_OPTIMIZATION_LEVEL = 0;
				GCC_PREPROCESSOR_DEFINITIONS = (
					"DEBUG=1",
					"$(inherited)",
				);
				GCC_WARN_64_TO_32_BIT_CONVERSION = YES;
				GCC_WARN_ABOUT_RETURN_TYPE = YES_ERROR;
				GCC_WARN_UNDECLARED_SELECTOR = YES;
				GCC_WARN_UNINITIALIZED_AUTOS = YES_AGGRESSIVE;
				GCC_WARN_UNUSED_FUNCTION = YES;
				GCC_WARN_UNUSED_VARIABLE = YES;
				IPHONEOS_DEPLOYMENT_TARGET = 9.2;
				MTL_ENABLE_DEBUG_INFO = YES;
				ONLY_ACTIVE_ARCH = YES;
				SDKROOT = iphoneos;
				SWIFT_OPTIMIZATION_LEVEL = "-Onone";
				TARGETED_DEVICE_FAMILY = "1,2";
			};
			name = Debug;
		};
		EA907A661C7E6A7B004B28DD /* Release */ = {
			isa = XCBuildConfiguration;
			buildSettings = {
				ALWAYS_SEARCH_USER_PATHS = NO;
				CLANG_CXX_LANGUAGE_STANDARD = "gnu++0x";
				CLANG_CXX_LIBRARY = "libc++";
				CLANG_ENABLE_MODULES = YES;
				CLANG_ENABLE_OBJC_ARC = YES;
				CLANG_WARN_BOOL_CONVERSION = YES;
				CLANG_WARN_CONSTANT_CONVERSION = YES;
				CLANG_WARN_DIRECT_OBJC_ISA_USAGE = YES_ERROR;
				CLANG_WARN_EMPTY_BODY = YES;
				CLANG_WARN_ENUM_CONVERSION = YES;
				CLANG_WARN_INT_CONVERSION = YES;
				CLANG_WARN_OBJC_ROOT_CLASS = YES_ERROR;
				CLANG_WARN_UNREACHABLE_CODE = YES;
				CLANG_WARN__DUPLICATE_METHOD_MATCH = YES;
				"CODE_SIGN_IDENTITY[sdk=iphoneos*]" = "iPhone Developer";
				COPY_PHASE_STRIP = NO;
				DEBUG_INFORMATION_FORMAT = "dwarf-with-dsym";
				ENABLE_NS_ASSERTIONS = NO;
				ENABLE_STRICT_OBJC_MSGSEND = YES;
				GCC_C_LANGUAGE_STANDARD = gnu99;
				GCC_NO_COMMON_BLOCKS = YES;
				GCC_WARN_64_TO_32_BIT_CONVERSION = YES;
				GCC_WARN_ABOUT_RETURN_TYPE = YES_ERROR;
				GCC_WARN_UNDECLARED_SELECTOR = YES;
				GCC_WARN_UNINITIALIZED_AUTOS = YES_AGGRESSIVE;
				GCC_WARN_UNUSED_FUNCTION = YES;
				GCC_WARN_UNUSED_VARIABLE = YES;
				IPHONEOS_DEPLOYMENT_TARGET = 9.2;
				MTL_ENABLE_DEBUG_INFO = NO;
				SDKROOT = iphoneos;
				TARGETED_DEVICE_FAMILY = "1,2";
				VALIDATE_PRODUCT = YES;
			};
			name = Release;
		};
		EA907A681C7E6A7B004B28DD /* Debug */ = {
			isa = XCBuildConfiguration;
			buildSettings = {
				ASSETCATALOG_COMPILER_APPICON_NAME = AppIcon;
				INFOPLIST_FILE = VuelveteCachimboiOS/Info.plist;
				LD_RUNPATH_SEARCH_PATHS = "$(inherited) @executable_path/Frameworks";
				PRODUCT_BUNDLE_IDENTIFIER = me.doapps.VuelveteCachimboiOS;
				PRODUCT_NAME = "$(TARGET_NAME)";
			};
			name = Debug;
		};
		EA907A691C7E6A7B004B28DD /* Release */ = {
			isa = XCBuildConfiguration;
			buildSettings = {
				ASSETCATALOG_COMPILER_APPICON_NAME = AppIcon;
				INFOPLIST_FILE = VuelveteCachimboiOS/Info.plist;
				LD_RUNPATH_SEARCH_PATHS = "$(inherited) @executable_path/Frameworks";
				PRODUCT_BUNDLE_IDENTIFIER = me.doapps.VuelveteCachimboiOS;
				PRODUCT_NAME = "$(TARGET_NAME)";
			};
			name = Release;
		};
		EA907A6B1C7E6A7B004B28DD /* Debug */ = {
			isa = XCBuildConfiguration;
			buildSettings = {
				BUNDLE_LOADER = "$(TEST_HOST)";
				INFOPLIST_FILE = VuelveteCachimboiOSTests/Info.plist;
				LD_RUNPATH_SEARCH_PATHS = "$(inherited) @executable_path/Frameworks @loader_path/Frameworks";
				PRODUCT_BUNDLE_IDENTIFIER = me.doapps.VuelveteCachimboiOSTests;
				PRODUCT_NAME = "$(TARGET_NAME)";
				TEST_HOST = "$(BUILT_PRODUCTS_DIR)/VuelveteCachimboiOS.app/VuelveteCachimboiOS";
			};
			name = Debug;
		};
		EA907A6C1C7E6A7B004B28DD /* Release */ = {
			isa = XCBuildConfiguration;
			buildSettings = {
				BUNDLE_LOADER = "$(TEST_HOST)";
				INFOPLIST_FILE = VuelveteCachimboiOSTests/Info.plist;
				LD_RUNPATH_SEARCH_PATHS = "$(inherited) @executable_path/Frameworks @loader_path/Frameworks";
				PRODUCT_BUNDLE_IDENTIFIER = me.doapps.VuelveteCachimboiOSTests;
				PRODUCT_NAME = "$(TARGET_NAME)";
				TEST_HOST = "$(BUILT_PRODUCTS_DIR)/VuelveteCachimboiOS.app/VuelveteCachimboiOS";
			};
			name = Release;
		};
		EA907A6E1C7E6A7B004B28DD /* Debug */ = {
			isa = XCBuildConfiguration;
			buildSettings = {
				INFOPLIST_FILE = VuelveteCachimboiOSUITests/Info.plist;
				LD_RUNPATH_SEARCH_PATHS = "$(inherited) @executable_path/Frameworks @loader_path/Frameworks";
				PRODUCT_BUNDLE_IDENTIFIER = me.doapps.VuelveteCachimboiOSUITests;
				PRODUCT_NAME = "$(TARGET_NAME)";
				TEST_TARGET_NAME = VuelveteCachimboiOS;
				USES_XCTRUNNER = YES;
			};
			name = Debug;
		};
		EA907A6F1C7E6A7B004B28DD /* Release */ = {
			isa = XCBuildConfiguration;
			buildSettings = {
				INFOPLIST_FILE = VuelveteCachimboiOSUITests/Info.plist;
				LD_RUNPATH_SEARCH_PATHS = "$(inherited) @executable_path/Frameworks @loader_path/Frameworks";
				PRODUCT_BUNDLE_IDENTIFIER = me.doapps.VuelveteCachimboiOSUITests;
				PRODUCT_NAME = "$(TARGET_NAME)";
				TEST_TARGET_NAME = VuelveteCachimboiOS;
				USES_XCTRUNNER = YES;
			};
			name = Release;
		};
/* End XCBuildConfiguration section */

/* Begin XCConfigurationList section */
		EA907A371C7E6A7B004B28DD /* Build configuration list for PBXProject "VuelveteCachimboiOS" */ = {
			isa = XCConfigurationList;
			buildConfigurations = (
				EA907A651C7E6A7B004B28DD /* Debug */,
				EA907A661C7E6A7B004B28DD /* Release */,
			);
			defaultConfigurationIsVisible = 0;
			defaultConfigurationName = Release;
		};
		EA907A671C7E6A7B004B28DD /* Build configuration list for PBXNativeTarget "VuelveteCachimboiOS" */ = {
			isa = XCConfigurationList;
			buildConfigurations = (
				EA907A681C7E6A7B004B28DD /* Debug */,
				EA907A691C7E6A7B004B28DD /* Release */,
			);
			defaultConfigurationIsVisible = 0;
		};
		EA907A6A1C7E6A7B004B28DD /* Build configuration list for PBXNativeTarget "VuelveteCachimboiOSTests" */ = {
			isa = XCConfigurationList;
			buildConfigurations = (
				EA907A6B1C7E6A7B004B28DD /* Debug */,
				EA907A6C1C7E6A7B004B28DD /* Release */,
			);
			defaultConfigurationIsVisible = 0;
		};
		EA907A6D1C7E6A7B004B28DD /* Build configuration list for PBXNativeTarget "VuelveteCachimboiOSUITests" */ = {
			isa = XCConfigurationList;
			buildConfigurations = (
				EA907A6E1C7E6A7B004B28DD /* Debug */,
				EA907A6F1C7E6A7B004B28DD /* Release */,
			);
			defaultConfigurationIsVisible = 0;
		};
/* End XCConfigurationList section */

/* Begin XCVersionGroup section */
		EA907A461C7E6A7B004B28DD /* VuelveteCachimboiOS.xcdatamodeld */ = {
			isa = XCVersionGroup;
			children = (
				EA907A471C7E6A7B004B28DD /* VuelveteCachimboiOS.xcdatamodel */,
			);
			currentVersion = EA907A471C7E6A7B004B28DD /* VuelveteCachimboiOS.xcdatamodel */;
			path = VuelveteCachimboiOS.xcdatamodeld;
			sourceTree = "<group>";
			versionGroupType = wrapper.xcdatamodel;
		};
/* End XCVersionGroup section */
	};
	rootObject = EA907A341C7E6A7A004B28DD /* Project object */;
}
